
Microsoft Visual Studio Solution File, Format Version 12.00
# Visual Studio Version 17
VisualStudioVersion = 17.11.35222.181
MinimumVisualStudioVersion = 10.0.40219.1
Project("{9A19103F-16F7-4668-BE54-9A1E7A4F7556}") = "EffiSense", "EffiSense\EffiSense.csproj", "{84C1584F-5FBC-45B5-AF8E-FE8CE73F952F}"
EndProject
Project("{FAE04EC0-301F-11D3-BF4B-00C04F79EFBC}") = "EffiSense.Tests", "EffiSense.Tests\EffiSense.Tests.csproj", "{21B9BA29-CE77-47C3-B291-5FCDE8450279}"
EndProject
Global
	GlobalSection(SolutionConfigurationPlatforms) = preSolution
		Debug|Any CPU = Debug|Any CPU
		Release|Any CPU = Release|Any CPU
	EndGlobalSection
	GlobalSection(ProjectConfigurationPlatforms) = postSolution
		{84C1584F-5FBC-45B5-AF8E-FE8CE73F952F}.Debug|Any CPU.ActiveCfg = Debug|Any CPU
		{84C1584F-5FBC-45B5-AF8E-FE8CE73F952F}.Debug|Any CPU.Build.0 = Debug|Any CPU
		{84C1584F-5FBC-45B5-AF8E-FE8CE73F952F}.Release|Any CPU.ActiveCfg = Release|Any CPU
		{84C1584F-5FBC-45B5-AF8E-FE8CE73F952F}.Release|Any CPU.Build.0 = Release|Any CPU
		{21B9BA29-CE77-47C3-B291-5FCDE8450279}.Debug|Any CPU.ActiveCfg = Debug|Any CPU
		{21B9BA29-CE77-47C3-B291-5FCDE8450279}.Debug|Any CPU.Build.0 = Debug|Any CPU
		{21B9BA29-CE77-47C3-B291-5FCDE8450279}.Release|Any CPU.ActiveCfg = Release|Any CPU
		{21B9BA29-CE77-47C3-B291-5FCDE8450279}.Release|Any CPU.Build.0 = Release|Any CPU
	EndGlobalSection
	GlobalSection(SolutionProperties) = preSolution
		HideSolutionNode = FALSE
	EndGlobalSection
	GlobalSection(ExtensibilityGlobals) = postSolution
		SolutionGuid = {31BE0987-5A15-4127-B208-B3B752562E01}
	EndGlobalSection
EndGlobal
